
Microsoft Visual Studio Solution File, Format Version 12.00
# Visual Studio Version 16
VisualStudioVersion = 16.0.28917.181
MinimumVisualStudioVersion = 10.0.40219.1
Project("{9A19103F-16F7-4668-BE54-9A1E7A4F7556}") = "Product.WebAPI", "ProductAPI\Product.WebAPI.csproj", "{E2D30B91-E5ED-43A4-ABC1-E20A9D313208}"
EndProject
Project("{E53339B2-1760-4266-BCC7-CA923CBCF16C}") = "docker-compose", "docker-compose.dcproj", "{E3584857-52A5-4F7D-9F39-F32445FC7D99}"
EndProject
Project("{FAE04EC0-301F-11D3-BF4B-00C04F79EFBC}") = "Product.Service", "Product.Service\Product.Service.csproj", "{BD237180-4900-4C53-9E22-A4366A790901}"
EndProject
Project("{FAE04EC0-301F-11D3-BF4B-00C04F79EFBC}") = "Product.Interface", "Product.Interface\Product.Interface.csproj", "{BAFB2E84-DD48-429F-9A05-407273490B6B}"
EndProject
Project("{FAE04EC0-301F-11D3-BF4B-00C04F79EFBC}") = "Product.Domain", "Product.Domain\Product.Domain.csproj", "{9010D48D-1E05-4B1A-90CE-38FE65EB08FB}"
EndProject
Global
	GlobalSection(SolutionConfigurationPlatforms) = preSolution
		Debug|Any CPU = Debug|Any CPU
		Release|Any CPU = Release|Any CPU
	EndGlobalSection
	GlobalSection(ProjectConfigurationPlatforms) = postSolution
		{E2D30B91-E5ED-43A4-ABC1-E20A9D313208}.Debug|Any CPU.ActiveCfg = Debug|Any CPU
		{E2D30B91-E5ED-43A4-ABC1-E20A9D313208}.Debug|Any CPU.Build.0 = Debug|Any CPU
		{E2D30B91-E5ED-43A4-ABC1-E20A9D313208}.Release|Any CPU.ActiveCfg = Release|Any CPU
		{E2D30B91-E5ED-43A4-ABC1-E20A9D313208}.Release|Any CPU.Build.0 = Release|Any CPU
		{E3584857-52A5-4F7D-9F39-F32445FC7D99}.Debug|Any CPU.ActiveCfg = Debug|Any CPU
		{E3584857-52A5-4F7D-9F39-F32445FC7D99}.Debug|Any CPU.Build.0 = Debug|Any CPU
		{E3584857-52A5-4F7D-9F39-F32445FC7D99}.Release|Any CPU.ActiveCfg = Release|Any CPU
		{E3584857-52A5-4F7D-9F39-F32445FC7D99}.Release|Any CPU.Build.0 = Release|Any CPU
		{BD237180-4900-4C53-9E22-A4366A790901}.Debug|Any CPU.ActiveCfg = Debug|Any CPU
		{BD237180-4900-4C53-9E22-A4366A790901}.Debug|Any CPU.Build.0 = Debug|Any CPU
		{BD237180-4900-4C53-9E22-A4366A790901}.Release|Any CPU.ActiveCfg = Release|Any CPU
		{BD237180-4900-4C53-9E22-A4366A790901}.Release|Any CPU.Build.0 = Release|Any CPU
		{BAFB2E84-DD48-429F-9A05-407273490B6B}.Debug|Any CPU.ActiveCfg = Debug|Any CPU
		{BAFB2E84-DD48-429F-9A05-407273490B6B}.Debug|Any CPU.Build.0 = Debug|Any CPU
		{BAFB2E84-DD48-429F-9A05-407273490B6B}.Release|Any CPU.ActiveCfg = Release|Any CPU
		{BAFB2E84-DD48-429F-9A05-407273490B6B}.Release|Any CPU.Build.0 = Release|Any CPU
		{9010D48D-1E05-4B1A-90CE-38FE65EB08FB}.Debug|Any CPU.ActiveCfg = Debug|Any CPU
		{9010D48D-1E05-4B1A-90CE-38FE65EB08FB}.Debug|Any CPU.Build.0 = Debug|Any CPU
		{9010D48D-1E05-4B1A-90CE-38FE65EB08FB}.Release|Any CPU.ActiveCfg = Release|Any CPU
		{9010D48D-1E05-4B1A-90CE-38FE65EB08FB}.Release|Any CPU.Build.0 = Release|Any CPU
	EndGlobalSection
	GlobalSection(SolutionProperties) = preSolution
		HideSolutionNode = FALSE
	EndGlobalSection
	GlobalSection(ExtensibilityGlobals) = postSolution
		SolutionGuid = {314D7D90-392B-40DB-A7C4-3096964CC1C8}
	EndGlobalSection
EndGlobal
